// !$*UTF8*$!
{
	archiveVersion = 1;
	classes = {
	};
	objectVersion = 46;
	objects = {

/* Begin PBXBuildFile section */
		3DFE9F741B31677E006EC71A /* main.m in Sources */ = {isa = PBXBuildFile; fileRef = 3DFE9F731B31677E006EC71A /* main.m */; };
		3DFE9F771B31677E006EC71A /* AppDelegate.m in Sources */ = {isa = PBXBuildFile; fileRef = 3DFE9F761B31677E006EC71A /* AppDelegate.m */; };
		3DFE9F7A1B31677E006EC71A /* ViewController.m in Sources */ = {isa = PBXBuildFile; fileRef = 3DFE9F791B31677E006EC71A /* ViewController.m */; };
		3DFE9F7D1B31677E006EC71A /* Main.storyboard in Resources */ = {isa = PBXBuildFile; fileRef = 3DFE9F7B1B31677E006EC71A /* Main.storyboard */; };
		3DFE9F7F1B31677E006EC71A /* Images.xcassets in Resources */ = {isa = PBXBuildFile; fileRef = 3DFE9F7E1B31677E006EC71A /* Images.xcassets */; };
		3DFE9F821B31677E006EC71A /* LaunchScreen.xib in Resources */ = {isa = PBXBuildFile; fileRef = 3DFE9F801B31677E006EC71A /* LaunchScreen.xib */; };
		3DFE9F8E1B31677E006EC71A /* sdsdTests.m in Sources */ = {isa = PBXBuildFile; fileRef = 3DFE9F8D1B31677E006EC71A /* sdsdTests.m */; };
		3DFE9FCA1B316985006EC71A /* AddressBookUI.framework in Frameworks */ = {isa = PBXBuildFile; fileRef = 3DFE9FC91B316985006EC71A /* AddressBookUI.framework */; };
		3DFE9FCC1B31698C006EC71A /* AddressBook.framework in Frameworks */ = {isa = PBXBuildFile; fileRef = 3DFE9FCB1B31698C006EC71A /* AddressBook.framework */; };
		3DFE9FCE1B31699E006EC71A /* MessageUI.framework in Frameworks */ = {isa = PBXBuildFile; fileRef = 3DFE9FCD1B31699E006EC71A /* MessageUI.framework */; };
/* End PBXBuildFile section */

/* Begin PBXContainerItemProxy section */
		3DFE9F881B31677E006EC71A /* PBXContainerItemProxy */ = {
			isa = PBXContainerItemProxy;
			containerPortal = 3DFE9F661B31677E006EC71A /* Project object */;
			proxyType = 1;
			remoteGlobalIDString = 3DFE9F6D1B31677E006EC71A;
			remoteInfo = sdsd;
		};
/* End PBXContainerItemProxy section */

/* Begin PBXFileReference section */
		3DFE9F6E1B31677E006EC71A /* sdsd.app */ = {isa = PBXFileReference; explicitFileType = wrapper.application; includeInIndex = 0; path = sdsd.app; sourceTree = BUILT_PRODUCTS_DIR; };
		3DFE9F721B31677E006EC71A /* Info.plist */ = {isa = PBXFileReference; lastKnownFileType = text.plist.xml; path = Info.plist; sourceTree = "<group>"; };
		3DFE9F731B31677E006EC71A /* main.m */ = {isa = PBXFileReference; lastKnownFileType = sourcecode.c.objc; path = main.m; sourceTree = "<group>"; };
		3DFE9F751B31677E006EC71A /* AppDelegate.h */ = {isa = PBXFileReference; lastKnownFileType = sourcecode.c.h; path = AppDelegate.h; sourceTree = "<group>"; };
		3DFE9F761B31677E006EC71A /* AppDelegate.m */ = {isa = PBXFileReference; lastKnownFileType = sourcecode.c.objc; path = AppDelegate.m; sourceTree = "<group>"; };
		3DFE9F781B31677E006EC71A /* ViewController.h */ = {isa = PBXFileReference; lastKnownFileType = sourcecode.c.h; path = ViewController.h; sourceTree = "<group>"; };
		3DFE9F791B31677E006EC71A /* ViewController.m */ = {isa = PBXFileReference; lastKnownFileType = sourcecode.c.objc; path = ViewController.m; sourceTree = "<group>"; };
		3DFE9F7C1B31677E006EC71A /* Base */ = {isa = PBXFileReference; lastKnownFileType = file.storyboard; name = Base; path = Base.lproj/Main.storyboard; sourceTree = "<group>"; };
		3DFE9F7E1B31677E006EC71A /* Images.xcassets */ = {isa = PBXFileReference; lastKnownFileType = folder.assetcatalog; path = Images.xcassets; sourceTree = "<group>"; };
		3DFE9F811B31677E006EC71A /* Base */ = {isa = PBXFileReference; lastKnownFileType = file.xib; name = Base; path = Base.lproj/LaunchScreen.xib; sourceTree = "<group>"; };
		3DFE9F871B31677E006EC71A /* sdsdTests.xctest */ = {isa = PBXFileReference; explicitFileType = wrapper.cfbundle; includeInIndex = 0; path = sdsdTests.xctest; sourceTree = BUILT_PRODUCTS_DIR; };
		3DFE9F8C1B31677E006EC71A /* Info.plist */ = {isa = PBXFileReference; lastKnownFileType = text.plist.xml; path = Info.plist; sourceTree = "<group>"; };
		3DFE9F8D1B31677E006EC71A /* sdsdTests.m */ = {isa = PBXFileReference; lastKnownFileType = sourcecode.c.objc; path = sdsdTests.m; sourceTree = "<group>"; };
		3DFE9FC91B316985006EC71A /* AddressBookUI.framework */ = {isa = PBXFileReference; lastKnownFileType = wrapper.framework; name = AddressBookUI.framework; path = System/Library/Frameworks/AddressBookUI.framework; sourceTree = SDKROOT; };
		3DFE9FCB1B31698C006EC71A /* AddressBook.framework */ = {isa = PBXFileReference; lastKnownFileType = wrapper.framework; name = AddressBook.framework; path = System/Library/Frameworks/AddressBook.framework; sourceTree = SDKROOT; };
		3DFE9FCD1B31699E006EC71A /* MessageUI.framework */ = {isa = PBXFileReference; lastKnownFileType = wrapper.framework; name = MessageUI.framework; path = System/Library/Frameworks/MessageUI.framework; sourceTree = SDKROOT; };
/* End PBXFileReference section */

/* Begin PBXFrameworksBuildPhase section */
		3DFE9F6B1B31677E006EC71A /* Frameworks */ = {
			isa = PBXFrameworksBuildPhase;
			buildActionMask = 2147483647;
			files = (
				3DFE9FCE1B31699E006EC71A /* MessageUI.framework in Frameworks */,
				3DFE9FCC1B31698C006EC71A /* AddressBook.framework in Frameworks */,
				3DFE9FCA1B316985006EC71A /* AddressBookUI.framework in Frameworks */,
			);
			runOnlyForDeploymentPostprocessing = 0;
		};
		3DFE9F841B31677E006EC71A /* Frameworks */ = {
			isa = PBXFrameworksBuildPhase;
			buildActionMask = 2147483647;
			files = (
			);
			runOnlyForDeploymentPostprocessing = 0;
		};
/* End PBXFrameworksBuildPhase section */

/* Begin PBXGroup section */
		3DFE9F651B31677E006EC71A = {
			isa = PBXGroup;
			children = (
				3DFE9FCD1B31699E006EC71A /* MessageUI.framework */,
				3DFE9FCB1B31698C006EC71A /* AddressBook.framework */,
				3DFE9FC91B316985006EC71A /* AddressBookUI.framework */,
				3DFE9F701B31677E006EC71A /* sdsd */,
				3DFE9F8A1B31677E006EC71A /* sdsdTests */,
				3DFE9F6F1B31677E006EC71A /* Products */,
			);
			sourceTree = "<group>";
		};
		3DFE9F6F1B31677E006EC71A /* Products */ = {
			isa = PBXGroup;
			children = (
				3DFE9F6E1B31677E006EC71A /* sdsd.app */,
				3DFE9F871B31677E006EC71A /* sdsdTests.xctest */,
			);
			name = Products;
			sourceTree = "<group>";
		};
		3DFE9F701B31677E006EC71A /* sdsd */ = {
			isa = PBXGroup;
			children = (
				3DFE9F751B31677E006EC71A /* AppDelegate.h */,
				3DFE9F761B31677E006EC71A /* AppDelegate.m */,
				3DFE9F781B31677E006EC71A /* ViewController.h */,
				3DFE9F791B31677E006EC71A /* ViewController.m */,
				3DFE9F7B1B31677E006EC71A /* Main.storyboard */,
				3DFE9F7E1B31677E006EC71A /* Images.xcassets */,
				3DFE9F801B31677E006EC71A /* LaunchScreen.xib */,
				3DFE9F711B31677E006EC71A /* Supporting Files */,
			);
			path = sdsd;
			sourceTree = "<group>";
		};
		3DFE9F711B31677E006EC71A /* Supporting Files */ = {
			isa = PBXGroup;
			children = (
				3DFE9F721B31677E006EC71A /* Info.plist */,
				3DFE9F731B31677E006EC71A /* main.m */,
			);
			name = "Supporting Files";
			sourceTree = "<group>";
		};
		3DFE9F8A1B31677E006EC71A /* sdsdTests */ = {
			isa = PBXGroup;
			children = (
				3DFE9F8D1B31677E006EC71A /* sdsdTests.m */,
				3DFE9F8B1B31677E006EC71A /* Supporting Files */,
			);
			path = sdsdTests;
			sourceTree = "<group>";
		};
		3DFE9F8B1B31677E006EC71A /* Supporting Files */ = {
			isa = PBXGroup;
			children = (
				3DFE9F8C1B31677E006EC71A /* Info.plist */,
			);
			name = "Supporting Files";
			sourceTree = "<group>";
		};
/* End PBXGroup section */

/* Begin PBXNativeTarget section */
		3DFE9F6D1B31677E006EC71A /* sdsd */ = {
			isa = PBXNativeTarget;
			buildConfigurationList = 3DFE9F911B31677E006EC71A /* Build configuration list for PBXNativeTarget "sdsd" */;
			buildPhases = (
				3DFE9F6A1B31677E006EC71A /* Sources */,
				3DFE9F6B1B31677E006EC71A /* Frameworks */,
				3DFE9F6C1B31677E006EC71A /* Resources */,
			);
			buildRules = (
			);
			dependencies = (
			);
			name = sdsd;
			productName = sdsd;
			productReference = 3DFE9F6E1B31677E006EC71A /* sdsd.app */;
			productType = "com.apple.product-type.application";
		};
		3DFE9F861B31677E006EC71A /* sdsdTests */ = {
			isa = PBXNativeTarget;
			buildConfigurationList = 3DFE9F941B31677E006EC71A /* Build configuration list for PBXNativeTarget "sdsdTests" */;
			buildPhases = (
				3DFE9F831B31677E006EC71A /* Sources */,
				3DFE9F841B31677E006EC71A /* Frameworks */,
				3DFE9F851B31677E006EC71A /* Resources */,
			);
			buildRules = (
			);
			dependencies = (
				3DFE9F891B31677E006EC71A /* PBXTargetDependency */,
			);
			name = sdsdTests;
			productName = sdsdTests;
			productReference = 3DFE9F871B31677E006EC71A /* sdsdTests.xctest */;
			productType = "com.apple.product-type.bundle.unit-test";
		};
/* End PBXNativeTarget section */

/* Begin PBXProject section */
		3DFE9F661B31677E006EC71A /* Project object */ = {
			isa = PBXProject;
			attributes = {
				LastUpgradeCheck = 0610;
				ORGANIZATIONNAME = guoda;
				TargetAttributes = {
					3DFE9F6D1B31677E006EC71A = {
						CreatedOnToolsVersion = 6.1;
					};
					3DFE9F861B31677E006EC71A = {
						CreatedOnToolsVersion = 6.1;
						TestTargetID = 3DFE9F6D1B31677E006EC71A;
					};
				};
			};
			buildConfigurationList = 3DFE9F691B31677E006EC71A /* Build configuration list for PBXProject "sdsd" */;
			compatibilityVersion = "Xcode 3.2";
			developmentRegion = English;
			hasScannedForEncodings = 0;
			knownRegions = (
				en,
				Base,
			);
			mainGroup = 3DFE9F651B31677E006EC71A;
			productRefGroup = 3DFE9F6F1B31677E006EC71A /* Products */;
			projectDirPath = "";
			projectRoot = "";
			targets = (
				3DFE9F6D1B31677E006EC71A /* sdsd */,
				3DFE9F861B31677E006EC71A /* sdsdTests */,
			);
		};
/* End PBXProject section */

/* Begin PBXResourcesBuildPhase section */
		3DFE9F6C1B31677E006EC71A /* Resources */ = {
			isa = PBXResourcesBuildPhase;
			buildActionMask = 2147483647;
			files = (
				3DFE9F7D1B31677E006EC71A /* Main.storyboard in Resources */,
				3DFE9F821B31677E006EC71A /* LaunchScreen.xib in Resources */,
				3DFE9F7F1B31677E006EC71A /* Images.xcassets in Resources */,
			);
			runOnlyForDeploymentPostprocessing = 0;
		};
		3DFE9F851B31677E006EC71A /* Resources */ = {
			isa = PBXResourcesBuildPhase;
			buildActionMask = 2147483647;
			files = (
			);
			runOnlyForDeploymentPostprocessing = 0;
		};
/* End PBXResourcesBuildPhase section */

/* Begin PBXSourcesBuildPhase section */
		3DFE9F6A1B31677E006EC71A /* Sources */ = {
			isa = PBXSourcesBuildPhase;
			buildActionMask = 2147483647;
			files = (
				3DFE9F7A1B31677E006EC71A /* ViewController.m in Sources */,
				3DFE9F771B31677E006EC71A /* AppDelegate.m in Sources */,
				3DFE9F741B31677E006EC71A /* main.m in Sources */,
			);
			runOnlyForDeploymentPostprocessing = 0;
		};
		3DFE9F831B31677E006EC71A /* Sources */ = {
			isa = PBXSourcesBuildPhase;
			buildActionMask = 2147483647;
			files = (
				3DFE9F8E1B31677E006EC71A /* sdsdTests.m in Sources */,
			);
			runOnlyForDeploymentPostprocessing = 0;
		};
/* End PBXSourcesBuildPhase section */

/* Begin PBXTargetDependency section */
		3DFE9F891B31677E006EC71A /* PBXTargetDependency */ = {
			isa = PBXTargetDependency;
			target = 3DFE9F6D1B31677E006EC71A /* sdsd */;
			targetProxy = 3DFE9F881B31677E006EC71A /* PBXContainerItemProxy */;
		};
/* End PBXTargetDependency section */

/* Begin PBXVariantGroup section */
		3DFE9F7B1B31677E006EC71A /* Main.storyboard */ = {
			isa = PBXVariantGroup;
			children = (
				3DFE9F7C1B31677E006EC71A /* Base */,
			);
			name = Main.storyboard;
			sourceTree = "<group>";
		};
		3DFE9F801B31677E006EC71A /* LaunchScreen.xib */ = {
			isa = PBXVariantGroup;
			children = (
				3DFE9F811B31677E006EC71A /* Base */,
			);
			name = LaunchScreen.xib;
			sourceTree = "<group>";
		};
/* End PBXVariantGroup section */

/* Begin XCBuildConfiguration section */
		3DFE9F8F1B31677E006EC71A /* Debug */ = {
			isa = XCBuildConfiguration;
			buildSettings = {
				ALWAYS_SEARCH_USER_PATHS = NO;
				CLANG_CXX_LANGUAGE_STANDARD = "gnu++0x";
				CLANG_CXX_LIBRARY = "libc++";
				CLANG_ENABLE_MODULES = YES;
				CLANG_ENABLE_OBJC_ARC = YES;
				CLANG_WARN_BOOL_CONVERSION = YES;
				CLANG_WARN_CONSTANT_CONVERSION = YES;
				CLANG_WARN_DIRECT_OBJC_ISA_USAGE = YES_ERROR;
				CLANG_WARN_EMPTY_BODY = YES;
				CLANG_WARN_ENUM_CONVERSION = YES;
				CLANG_WARN_INT_CONVERSION = YES;
				CLANG_WARN_OBJC_ROOT_CLASS = YES_ERROR;
				CLANG_WARN_UNREACHABLE_CODE = YES;
				CLANG_WARN__DUPLICATE_METHOD_MATCH = YES;
				"CODE_SIGN_IDENTITY[sdk=iphoneos*]" = "iPhone Developer";
				COPY_PHASE_STRIP = NO;
				ENABLE_STRICT_OBJC_MSGSEND = YES;
				GCC_C_LANGUAGE_STANDARD = gnu99;
				GCC_DYNAMIC_NO_PIC = NO;
				GCC_OPTIMIZATION_LEVEL = 0;
				GCC_PREPROCESSOR_DEFINITIONS = (
					"DEBUG=1",
					"$(inherited)",
				);
				GCC_SYMBOLS_PRIVATE_EXTERN = NO;
				GCC_WARN_64_TO_32_BIT_CONVERSION = YES;
				GCC_WARN_ABOUT_RETURN_TYPE = YES_ERROR;
				GCC_WARN_UNDECLARED_SELECTOR = YES;
				GCC_WARN_UNINITIALIZED_AUTOS = YES_AGGRESSIVE;
				GCC_WARN_UNUSED_FUNCTION = YES;
				GCC_WARN_UNUSED_VARIABLE = YES;
				IPHONEOS_DEPLOYMENT_TARGET = 8.1;
				MTL_ENABLE_DEBUG_INFO = YES;
				ONLY_ACTIVE_ARCH = YES;
				SDKROOT = iphoneos;
			};
			name = Debug;
		};
		3DFE9F901B31677E006EC71A /* Release */ = {
			isa = XCBuildConfiguration;
			buildSettings = {
				ALWAYS_SEARCH_USER_PATHS = NO;
				CLANG_CXX_LANGUAGE_STANDARD = "gnu++0x";
				CLANG_CXX_LIBRARY = "libc++";
				CLANG_ENABLE_MODULES = YES;
				CLANG_ENABLE_OBJC_ARC = YES;
				CLANG_WARN_BOOL_CONVERSION = YES;
				CLANG_WARN_CONSTANT_CONVERSION = YES;
				CLANG_WARN_DIRECT_OBJC_ISA_USAGE = YES_ERROR;
				CLANG_WARN_EMPTY_BODY = YES;
				CLANG_WARN_ENUM_CONVERSION = YES;
				CLANG_WARN_INT_CONVERSION = YES;
				CLANG_WARN_OBJC_ROOT_CLASS = YES_ERROR;
				CLANG_WARN_UNREACHABLE_CODE = YES;
				CLANG_WARN__DUPLICATE_METHOD_MATCH = YES;
				"CODE_SIGN_IDENTITY[sdk=iphoneos*]" = "iPhone Developer";
				COPY_PHASE_STRIP = YES;
				ENABLE_NS_ASSERTIONS = NO;
				ENABLE_STRICT_OBJC_MSGSEND = YES;
				GCC_C_LANGUAGE_STANDARD = gnu99;
				GCC_WARN_64_TO_32_BIT_CONVERSION = YES;
				GCC_WARN_ABOUT_RETURN_TYPE = YES_ERROR;
				GCC_WARN_UNDECLARED_SELECTOR = YES;
				GCC_WARN_UNINITIALIZED_AUTOS = YES_AGGRESSIVE;
				GCC_WARN_UNUSED_FUNCTION = YES;
				GCC_WARN_UNUSED_VARIABLE = YES;
				IPHONEOS_DEPLOYMENT_TARGET = 8.1;
				MTL_ENABLE_DEBUG_INFO = NO;
				SDKROOT = iphoneos;
				VALIDATE_PRODUCT = YES;
			};
			name = Release;
		};
		3DFE9F921B31677E006EC71A /* Debug */ = {
			isa = XCBuildConfiguration;
			buildSettings = {
				ASSETCATALOG_COMPILER_APPICON_NAME = AppIcon;
				INFOPLIST_FILE = sdsd/Info.plist;
				LD_RUNPATH_SEARCH_PATHS = "$(inherited) @executable_path/Frameworks";
				PRODUCT_NAME = "$(TARGET_NAME)";
			};
			name = Debug;
		};
		3DFE9F931B31677E006EC71A /* Release */ = {
			isa = XCBuildConfiguration;
			buildSettings = {
				ASSETCATALOG_COMPILER_APPICON_NAME = AppIcon;
				INFOPLIST_FILE = sdsd/Info.plist;
				LD_RUNPATH_SEARCH_PATHS = "$(inherited) @executable_path/Frameworks";
				PRODUCT_NAME = "$(TARGET_NAME)";
			};
			name = Release;
		};
		3DFE9F951B31677E006EC71A /* Debug */ = {
			isa = XCBuildConfiguration;
			buildSettings = {
				BUNDLE_LOADER = "$(TEST_HOST)";
				FRAMEWORK_SEARCH_PATHS = (
					"$(SDKROOT)/Developer/Library/Frameworks",
					"$(inherited)",
				);
				GCC_PREPROCESSOR_DEFINITIONS = (
					"DEBUG=1",
					"$(inherited)",
				);
				INFOPLIST_FILE = sdsdTests/Info.plist;
				LD_RUNPATH_SEARCH_PATHS = "$(inherited) @executable_path/Frameworks @loader_path/Frameworks";
				PRODUCT_NAME = "$(TARGET_NAME)";
				TEST_HOST = "$(BUILT_PRODUCTS_DIR)/sdsd.app/sdsd";
			};
			name = Debug;
		};
		3DFE9F961B31677E006EC71A /* Release */ = {
			isa = XCBuildConfiguration;
			buildSettings = {
				BUNDLE_LOADER = "$(TEST_HOST)";
				FRAMEWORK_SEARCH_PATHS = (
					"$(SDKROOT)/Developer/Library/Frameworks",
					"$(inherited)",
				);
				INFOPLIST_FILE = sdsdTests/Info.plist;
				LD_RUNPATH_SEARCH_PATHS = "$(inherited) @executable_path/Frameworks @loader_path/Frameworks";
				PRODUCT_NAME = "$(TARGET_NAME)";
				TEST_HOST = "$(BUILT_PRODUCTS_DIR)/sdsd.app/sdsd";
			};
			name = Release;
		};
/* End XCBuildConfiguration section */

/* Begin XCConfigurationList section */
		3DFE9F691B31677E006EC71A /* Build configuration list for PBXProject "sdsd" */ = {
			isa = XCConfigurationList;
			buildConfigurations = (
				3DFE9F8F1B31677E006EC71A /* Debug */,
				3DFE9F901B31677E006EC71A /* Release */,
			);
			defaultConfigurationIsVisible = 0;
			defaultConfigurationName = Release;
		};
		3DFE9F911B31677E006EC71A /* Build configuration list for PBXNativeTarget "sdsd" */ = {
			isa = XCConfigurationList;
			buildConfigurations = (
				3DFE9F921B31677E006EC71A /* Debug */,
				3DFE9F931B31677E006EC71A /* Release */,
			);
			defaultConfigurationIsVisible = 0;
			defaultConfigurationName = Release;
		};
		3DFE9F941B31677E006EC71A /* Build configuration list for PBXNativeTarget "sdsdTests" */ = {
			isa = XCConfigurationList;
			buildConfigurations = (
				3DFE9F951B31677E006EC71A /* Debug */,
				3DFE9F961B31677E006EC71A /* Release */,
			);
			defaultConfigurationIsVisible = 0;
			defaultConfigurationName = Release;
		};
/* End XCConfigurationList section */
	};
	rootObject = 3DFE9F661B31677E006EC71A /* Project object */;
}
